// !$*UTF8*$!
{
	archiveVersion = 1;
	classes = {
	};
	objectVersion = 50;
	objects = {

/* Begin PBXBuildFile section */
		E60AD16D2875584600899110 /* AppDelegate.m in Sources */ = {isa = PBXBuildFile; fileRef = E60AD16C2875584600899110 /* AppDelegate.m */; };
		E60AD1702875584600899110 /* ViewController.m in Sources */ = {isa = PBXBuildFile; fileRef = E60AD16F2875584600899110 /* ViewController.m */; };
		E60AD1732875584600899110 /* Main.storyboard in Resources */ = {isa = PBXBuildFile; fileRef = E60AD1712875584600899110 /* Main.storyboard */; };
		E60AD1782875584700899110 /* Assets.xcassets in Resources */ = {isa = PBXBuildFile; fileRef = E60AD1772875584700899110 /* Assets.xcassets */; };
		E60AD17B2875584700899110 /* LaunchScreen.storyboard in Resources */ = {isa = PBXBuildFile; fileRef = E60AD1792875584700899110 /* LaunchScreen.storyboard */; };
		E60AD17E2875584700899110 /* main.m in Sources */ = {isa = PBXBuildFile; fileRef = E60AD17D2875584700899110 /* main.m */; };
		E60AD1872875589B00899110 /* ZLMover.m in Sources */ = {isa = PBXBuildFile; fileRef = E60AD1862875589B00899110 /* ZLMover.m */; };
/* End PBXBuildFile section */

/* Begin PBXFileReference section */
		E60AD1682875584600899110 /* ZLMover.app */ = {isa = PBXFileReference; explicitFileType = wrapper.application; includeInIndex = 0; path = ZLMover.app; sourceTree = BUILT_PRODUCTS_DIR; };
		E60AD16B2875584600899110 /* AppDelegate.h */ = {isa = PBXFileReference; lastKnownFileType = sourcecode.c.h; path = AppDelegate.h; sourceTree = "<group>"; };
		E60AD16C2875584600899110 /* AppDelegate.m */ = {isa = PBXFileReference; lastKnownFileType = sourcecode.c.objc; path = AppDelegate.m; sourceTree = "<group>"; };
		E60AD16E2875584600899110 /* ViewController.h */ = {isa = PBXFileReference; lastKnownFileType = sourcecode.c.h; path = ViewController.h; sourceTree = "<group>"; };
		E60AD16F2875584600899110 /* ViewController.m */ = {isa = PBXFileReference; lastKnownFileType = sourcecode.c.objc; path = ViewController.m; sourceTree = "<group>"; };
		E60AD1722875584600899110 /* Base */ = {isa = PBXFileReference; lastKnownFileType = file.storyboard; name = Base; path = Base.lproj/Main.storyboard; sourceTree = "<group>"; };
		E60AD1772875584700899110 /* Assets.xcassets */ = {isa = PBXFileReference; lastKnownFileType = folder.assetcatalog; path = Assets.xcassets; sourceTree = "<group>"; };
		E60AD17A2875584700899110 /* Base */ = {isa = PBXFileReference; lastKnownFileType = file.storyboard; name = Base; path = Base.lproj/LaunchScreen.storyboard; sourceTree = "<group>"; };
		E60AD17C2875584700899110 /* Info.plist */ = {isa = PBXFileReference; lastKnownFileType = text.plist.xml; path = Info.plist; sourceTree = "<group>"; };
		E60AD17D2875584700899110 /* main.m */ = {isa = PBXFileReference; lastKnownFileType = sourcecode.c.objc; path = main.m; sourceTree = "<group>"; };
		E60AD1852875589B00899110 /* ZLMover.h */ = {isa = PBXFileReference; lastKnownFileType = sourcecode.c.h; path = ZLMover.h; sourceTree = "<group>"; };
		E60AD1862875589B00899110 /* ZLMover.m */ = {isa = PBXFileReference; lastKnownFileType = sourcecode.c.objc; path = ZLMover.m; sourceTree = "<group>"; };
/* End PBXFileReference section */

/* Begin PBXFrameworksBuildPhase section */
		E60AD1652875584600899110 /* Frameworks */ = {
			isa = PBXFrameworksBuildPhase;
			buildActionMask = 2147483647;
			files = (
			);
			runOnlyForDeploymentPostprocessing = 0;
		};
/* End PBXFrameworksBuildPhase section */

/* Begin PBXGroup section */
		E60AD15F2875584600899110 = {
			isa = PBXGroup;
			children = (
				E60AD16A2875584600899110 /* ZLMover */,
				E60AD1692875584600899110 /* Products */,
			);
			sourceTree = "<group>";
		};
		E60AD1692875584600899110 /* Products */ = {
			isa = PBXGroup;
			children = (
				E60AD1682875584600899110 /* ZLMover.app */,
			);
			name = Products;
			sourceTree = "<group>";
		};
		E60AD16A2875584600899110 /* ZLMover */ = {
			isa = PBXGroup;
			children = (
				E60AD1842875589000899110 /* ZLMover */,
				E60AD16B2875584600899110 /* AppDelegate.h */,
				E60AD16C2875584600899110 /* AppDelegate.m */,
				E60AD16E2875584600899110 /* ViewController.h */,
				E60AD16F2875584600899110 /* ViewController.m */,
				E60AD1712875584600899110 /* Main.storyboard */,
				E60AD1772875584700899110 /* Assets.xcassets */,
				E60AD1792875584700899110 /* LaunchScreen.storyboard */,
				E60AD17C2875584700899110 /* Info.plist */,
				E60AD17D2875584700899110 /* main.m */,
			);
			path = ZLMover;
			sourceTree = "<group>";
		};
		E60AD1842875589000899110 /* ZLMover */ = {
			isa = PBXGroup;
			children = (
				E60AD1852875589B00899110 /* ZLMover.h */,
				E60AD1862875589B00899110 /* ZLMover.m */,
			);
			path = ZLMover;
			sourceTree = "<group>";
		};
/* End PBXGroup section */

/* Begin PBXNativeTarget section */
		E60AD1672875584600899110 /* ZLMover */ = {
			isa = PBXNativeTarget;
			buildConfigurationList = E60AD1812875584700899110 /* Build configuration list for PBXNativeTarget "ZLMover" */;
			buildPhases = (
				E60AD1642875584600899110 /* Sources */,
				E60AD1652875584600899110 /* Frameworks */,
				E60AD1662875584600899110 /* Resources */,
			);
			buildRules = (
			);
			dependencies = (
			);
			name = ZLMover;
			productName = ZLMover;
			productReference = E60AD1682875584600899110 /* ZLMover.app */;
			productType = "com.apple.product-type.application";
		};
/* End PBXNativeTarget section */

/* Begin PBXProject section */
		E60AD1602875584600899110 /* Project object */ = {
			isa = PBXProject;
			attributes = {
				LastUpgradeCheck = 1010;
				ORGANIZATIONNAME = jayZhang;
				TargetAttributes = {
					E60AD1672875584600899110 = {
						CreatedOnToolsVersion = 10.1;
					};
				};
			};
			buildConfigurationList = E60AD1632875584600899110 /* Build configuration list for PBXProject "ZLMover" */;
			compatibilityVersion = "Xcode 9.3";
			developmentRegion = en;
			hasScannedForEncodings = 0;
			knownRegions = (
				en,
				Base,
			);
			mainGroup = E60AD15F2875584600899110;
			productRefGroup = E60AD1692875584600899110 /* Products */;
			projectDirPath = "";
			projectRoot = "";
			targets = (
				E60AD1672875584600899110 /* ZLMover */,
			);
		};
/* End PBXProject section */

/* Begin PBXResourcesBuildPhase section */
		E60AD1662875584600899110 /* Resources */ = {
			isa = PBXResourcesBuildPhase;
			buildActionMask = 2147483647;
			files = (
				E60AD17B2875584700899110 /* LaunchScreen.storyboard in Resources */,
				E60AD1782875584700899110 /* Assets.xcassets in Resources */,
				E60AD1732875584600899110 /* Main.storyboard in Resources */,
			);
			runOnlyForDeploymentPostprocessing = 0;
		};
/* End PBXResourcesBuildPhase section */

/* Begin PBXSourcesBuildPhase section */
		E60AD1642875584600899110 /* Sources */ = {
			isa = PBXSourcesBuildPhase;
			buildActionMask = 2147483647;
			files = (
				E60AD1702875584600899110 /* ViewController.m in Sources */,
				E60AD16D2875584600899110 /* AppDelegate.m in Sources */,
				E60AD17E2875584700899110 /* main.m in Sources */,
				E60AD1872875589B00899110 /* ZLMover.m in Sources */,
			);
			runOnlyForDeploymentPostprocessing = 0;
		};
/* End PBXSourcesBuildPhase section */

/* Begin PBXVariantGroup section */
		E60AD1712875584600899110 /* Main.storyboard */ = {
			isa = PBXVariantGroup;
			children = (
				E60AD1722875584600899110 /* Base */,
			);
			name = Main.storyboard;
			sourceTree = "<group>";
		};
		E60AD1792875584700899110 /* LaunchScreen.storyboard */ = {
			isa = PBXVariantGroup;
			children = (
				E60AD17A2875584700899110 /* Base */,
			);
			name = LaunchScreen.storyboard;
			sourceTree = "<group>";
		};
/* End PBXVariantGroup section */

/* Begin XCBuildConfiguration section */
		E60AD17F2875584700899110 /* Debug */ = {
			isa = XCBuildConfiguration;
			buildSettings = {
				ALWAYS_SEARCH_USER_PATHS = NO;
				CLANG_ANALYZER_NONNULL = YES;
				CLANG_ANALYZER_NUMBER_OBJECT_CONVERSION = YES_AGGRESSIVE;
				CLANG_CXX_LANGUAGE_STANDARD = "gnu++14";
				CLANG_CXX_LIBRARY = "libc++";
				CLANG_ENABLE_MODULES = YES;
				CLANG_ENABLE_OBJC_ARC = YES;
				CLANG_ENABLE_OBJC_WEAK = YES;
				CLANG_WARN_BLOCK_CAPTURE_AUTORELEASING = YES;
				CLANG_WARN_BOOL_CONVERSION = YES;
				CLANG_WARN_COMMA = YES;
				CLANG_WARN_CONSTANT_CONVERSION = YES;
				CLANG_WARN_DEPRECATED_OBJC_IMPLEMENTATIONS = YES;
				CLANG_WARN_DIRECT_OBJC_ISA_USAGE = YES_ERROR;
				CLANG_WARN_DOCUMENTATION_COMMENTS = YES;
				CLANG_WARN_EMPTY_BODY = YES;
				CLANG_WARN_ENUM_CONVERSION = YES;
				CLANG_WARN_INFINITE_RECURSION = YES;
				CLANG_WARN_INT_CONVERSION = YES;
				CLANG_WARN_NON_LITERAL_NULL_CONVERSION = YES;
				CLANG_WARN_OBJC_IMPLICIT_RETAIN_SELF = YES;
				CLANG_WARN_OBJC_LITERAL_CONVERSION = YES;
				CLANG_WARN_OBJC_ROOT_CLASS = YES_ERROR;
				CLANG_WARN_RANGE_LOOP_ANALYSIS = YES;
				CLANG_WARN_STRICT_PROTOTYPES = YES;
				CLANG_WARN_SUSPICIOUS_MOVE = YES;
				CLANG_WARN_UNGUARDED_AVAILABILITY = YES_AGGRESSIVE;
				CLANG_WARN_UNREACHABLE_CODE = YES;
				CLANG_WARN__DUPLICATE_METHOD_MATCH = YES;
				CODE_SIGN_IDENTITY = "iPhone Developer";
				COPY_PHASE_STRIP = NO;
				DEBUG_INFORMATION_FORMAT = dwarf;
				ENABLE_STRICT_OBJC_MSGSEND = YES;
				ENABLE_TESTABILITY = YES;
				GCC_C_LANGUAGE_STANDARD = gnu11;
				GCC_DYNAMIC_NO_PIC = NO;
				GCC_NO_COMMON_BLOCKS = YES;
				GCC_OPTIMIZATION_LEVEL = 0;
				GCC_PREPROCESSOR_DEFINITIONS = (
					"DEBUG=1",
					"$(inherited)",
				);
				GCC_WARN_64_TO_32_BIT_CONVERSION = YES;
				GCC_WARN_ABOUT_RETURN_TYPE = YES_ERROR;
				GCC_WARN_UNDECLARED_SELECTOR = YES;
				GCC_WARN_UNINITIALIZED_AUTOS = YES_AGGRESSIVE;
				GCC_WARN_UNUSED_FUNCTION = YES;
				GCC_WARN_UNUSED_VARIABLE = YES;
				IPHONEOS_DEPLOYMENT_TARGET = 9.0;
				MTL_ENABLE_DEBUG_INFO = INCLUDE_SOURCE;
				MTL_FAST_MATH = YES;
				ONLY_ACTIVE_ARCH = YES;
				SDKROOT = iphoneos;
			};
			name = Debug;
		};
		E60AD1802875584700899110 /* Release */ = {
			isa = XCBuildConfiguration;
			buildSettings = {
				ALWAYS_SEARCH_USER_PATHS = NO;
				CLANG_ANALYZER_NONNULL = YES;
				CLANG_ANALYZER_NUMBER_OBJECT_CONVERSION = YES_AGGRESSIVE;
				CLANG_CXX_LANGUAGE_STANDARD = "gnu++14";
				CLANG_CXX_LIBRARY = "libc++";
				CLANG_ENABLE_MODULES = YES;
				CLANG_ENABLE_OBJC_ARC = YES;
				CLANG_ENABLE_OBJC_WEAK = YES;
				CLANG_WARN_BLOCK_CAPTURE_AUTORELEASING = YES;
				CLANG_WARN_BOOL_CONVERSION = YES;
				CLANG_WARN_COMMA = YES;
				CLANG_WARN_CONSTANT_CONVERSION = YES;
				CLANG_WARN_DEPRECATED_OBJC_IMPLEMENTATIONS = YES;
				CLANG_WARN_DIRECT_OBJC_ISA_USAGE = YES_ERROR;
				CLANG_WARN_DOCUMENTATION_COMMENTS = YES;
				CLANG_WARN_EMPTY_BODY = YES;
				CLANG_WARN_ENUM_CONVERSION = YES;
				CLANG_WARN_INFINITE_RECURSION = YES;
				CLANG_WARN_INT_CONVERSION = YES;
				CLANG_WARN_NON_LITERAL_NULL_CONVERSION = YES;
				CLANG_WARN_OBJC_IMPLICIT_RETAIN_SELF = YES;
				CLANG_WARN_OBJC_LITERAL_CONVERSION = YES;
				CLANG_WARN_OBJC_ROOT_CLASS = YES_ERROR;
				CLANG_WARN_RANGE_LOOP_ANALYSIS = YES;
				CLANG_WARN_STRICT_PROTOTYPES = YES;
				CLANG_WARN_SUSPICIOUS_MOVE = YES;
				CLANG_WARN_UNGUARDED_AVAILABILITY = YES_AGGRESSIVE;
				CLANG_WARN_UNREACHABLE_CODE = YES;
				CLANG_WARN__DUPLICATE_METHOD_MATCH = YES;
				CODE_SIGN_IDENTITY = "iPhone Developer";
				COPY_PHASE_STRIP = NO;
				DEBUG_INFORMATION_FORMAT = "dwarf-with-dsym";
				ENABLE_NS_ASSERTIONS = NO;
				ENABLE_STRICT_OBJC_MSGSEND = YES;
				GCC_C_LANGUAGE_STANDARD = gnu11;
				GCC_NO_COMMON_BLOCKS = YES;
				GCC_WARN_64_TO_32_BIT_CONVERSION = YES;
				GCC_WARN_ABOUT_RETURN_TYPE = YES_ERROR;
				GCC_WARN_UNDECLARED_SELECTOR = YES;
				GCC_WARN_UNINITIALIZED_AUTOS = YES_AGGRESSIVE;
				GCC_WARN_UNUSED_FUNCTION = YES;
				GCC_WARN_UNUSED_VARIABLE = YES;
				IPHONEOS_DEPLOYMENT_TARGET = 9.0;
				MTL_ENABLE_DEBUG_INFO = NO;
				MTL_FAST_MATH = YES;
				SDKROOT = iphoneos;
				VALIDATE_PRODUCT = YES;
			};
			name = Release;
		};
		E60AD1822875584700899110 /* Debug */ = {
			isa = XCBuildConfiguration;
			buildSettings = {
				ASSETCATALOG_COMPILER_APPICON_NAME = AppIcon;
				CODE_SIGN_STYLE = Automatic;
				DEVELOPMENT_TEAM = L4G6LPMXGL;
				INFOPLIST_FILE = ZLMover/Info.plist;
				IPHONEOS_DEPLOYMENT_TARGET = 9.0;
				LD_RUNPATH_SEARCH_PATHS = (
					"$(inherited)",
					"@executable_path/Frameworks",
				);
				PRODUCT_BUNDLE_IDENTIFIER = com.jayZhang.ZLMover;
				PRODUCT_NAME = "$(TARGET_NAME)";
				TARGETED_DEVICE_FAMILY = "1,2";
			};
			name = Debug;
		};
		E60AD1832875584700899110 /* Release */ = {
			isa = XCBuildConfiguration;
			buildSettings = {
				ASSETCATALOG_COMPILER_APPICON_NAME = AppIcon;
				CODE_SIGN_STYLE = Automatic;
				DEVELOPMENT_TEAM = L4G6LPMXGL;
				INFOPLIST_FILE = ZLMover/Info.plist;
				IPHONEOS_DEPLOYMENT_TARGET = 9.0;
				LD_RUNPATH_SEARCH_PATHS = (
					"$(inherited)",
					"@executable_path/Frameworks",
				);
				PRODUCT_BUNDLE_IDENTIFIER = com.jayZhang.ZLMover;
				PRODUCT_NAME = "$(TARGET_NAME)";
				TARGETED_DEVICE_FAMILY = "1,2";
			};
			name = Release;
		};
/* End XCBuildConfiguration section */

/* Begin XCConfigurationList section */
		E60AD1632875584600899110 /* Build configuration list for PBXProject "ZLMover" */ = {
			isa = XCConfigurationList;
			buildConfigurations = (
				E60AD17F2875584700899110 /* Debug */,
				E60AD1802875584700899110 /* Release */,
			);
			defaultConfigurationIsVisible = 0;
			defaultConfigurationName = Release;
		};
		E60AD1812875584700899110 /* Build configuration list for PBXNativeTarget "ZLMover" */ = {
			isa = XCConfigurationList;
			buildConfigurations = (
				E60AD1822875584700899110 /* Debug */,
				E60AD1832875584700899110 /* Release */,
			);
			defaultConfigurationIsVisible = 0;
			defaultConfigurationName = Release;
		};
/* End XCConfigurationList section */
	};
	rootObject = E60AD1602875584600899110 /* Project object */;
}
